
Microsoft Visual Studio Solution File, Format Version 12.00
# Visual Studio Version 16
VisualStudioVersion = 16.0.31613.86
MinimumVisualStudioVersion = 10.0.40219.1
Project("{8BC9CEB8-8B4A-11D0-8D11-00A0C91BC942}") = "future", "future.vcxproj", "{7706D060-DA39-4955-9AA0-60BDD4B2A655}"
EndProject
Global
	GlobalSection(SolutionConfigurationPlatforms) = preSolution
		Debug|x64 = Debug|x64
		Debug|x86 = Debug|x86
		Release|x64 = Release|x64
		Release|x86 = Release|x86
	EndGlobalSection
	GlobalSection(ProjectConfigurationPlatforms) = postSolution
		{7706D060-DA39-4955-9AA0-60BDD4B2A655}.Debug|x64.ActiveCfg = Debug|x64
		{7706D060-DA39-4955-9AA0-60BDD4B2A655}.Debug|x64.Build.0 = Debug|x64
		{7706D060-DA39-4955-9AA0-60BDD4B2A655}.Debug|x86.ActiveCfg = Debug|Win32
		{7706D060-DA39-4955-9AA0-60BDD4B2A655}.Debug|x86.Build.0 = Debug|Win32
		{7706D060-DA39-4955-9AA0-60BDD4B2A655}.Release|x64.ActiveCfg = Release|x64
		{7706D060-DA39-4955-9AA0-60BDD4B2A655}.Release|x64.Build.0 = Release|x64
		{7706D060-DA39-4955-9AA0-60BDD4B2A655}.Release|x86.ActiveCfg = Release|Win32
		{7706D060-DA39-4955-9AA0-60BDD4B2A655}.Release|x86.Build.0 = Release|Win32
	EndGlobalSection
	GlobalSection(SolutionProperties) = preSolution
		HideSolutionNode = FALSE
	EndGlobalSection
	GlobalSection(ExtensibilityGlobals) = postSolution
		SolutionGuid = {38D509EC-6CCA-4228-8700-5E74E5AE08E4}
	EndGlobalSection
EndGlobal
